
Microsoft Visual Studio Solution File, Format Version 12.00
# Visual Studio Version 16
VisualStudioVersion = 16.0.29509.3
MinimumVisualStudioVersion = 10.0.40219.1
Project("{9A19103F-16F7-4668-BE54-9A1E7A4F7556}") = "NoWindsor", "NoWindsor\NoWindsor.csproj", "{0B6FBDE6-2F81-4CBC-A06D-63CE06902CEB}"
EndProject
Project("{FAE04EC0-301F-11D3-BF4B-00C04F79EFBC}") = "Library", "Library\Library.csproj", "{BC1C8243-2843-4E30-9416-9C15834D3CFD}"
EndProject
Project("{FAE04EC0-301F-11D3-BF4B-00C04F79EFBC}") = "WindsorNotWorking", "WindsorNotWorking\WindsorNotWorking.csproj", "{6C8115C4-03EB-4650-9F7F-06307318588F}"
EndProject
Project("{FAE04EC0-301F-11D3-BF4B-00C04F79EFBC}") = "WindsorWorking", "WindsorWorking\WindsorWorking.csproj", "{93A04E24-8A68-4934-A0D8-718DFDA3DD7D}"
EndProject
Global
	GlobalSection(SolutionConfigurationPlatforms) = preSolution
		Debug|Any CPU = Debug|Any CPU
		Release|Any CPU = Release|Any CPU
	EndGlobalSection
	GlobalSection(ProjectConfigurationPlatforms) = postSolution
		{0B6FBDE6-2F81-4CBC-A06D-63CE06902CEB}.Debug|Any CPU.ActiveCfg = Debug|Any CPU
		{0B6FBDE6-2F81-4CBC-A06D-63CE06902CEB}.Debug|Any CPU.Build.0 = Debug|Any CPU
		{0B6FBDE6-2F81-4CBC-A06D-63CE06902CEB}.Release|Any CPU.ActiveCfg = Release|Any CPU
		{0B6FBDE6-2F81-4CBC-A06D-63CE06902CEB}.Release|Any CPU.Build.0 = Release|Any CPU
		{BC1C8243-2843-4E30-9416-9C15834D3CFD}.Debug|Any CPU.ActiveCfg = Debug|Any CPU
		{BC1C8243-2843-4E30-9416-9C15834D3CFD}.Debug|Any CPU.Build.0 = Debug|Any CPU
		{BC1C8243-2843-4E30-9416-9C15834D3CFD}.Release|Any CPU.ActiveCfg = Release|Any CPU
		{BC1C8243-2843-4E30-9416-9C15834D3CFD}.Release|Any CPU.Build.0 = Release|Any CPU
		{6C8115C4-03EB-4650-9F7F-06307318588F}.Debug|Any CPU.ActiveCfg = Debug|Any CPU
		{6C8115C4-03EB-4650-9F7F-06307318588F}.Debug|Any CPU.Build.0 = Debug|Any CPU
		{6C8115C4-03EB-4650-9F7F-06307318588F}.Release|Any CPU.ActiveCfg = Release|Any CPU
		{6C8115C4-03EB-4650-9F7F-06307318588F}.Release|Any CPU.Build.0 = Release|Any CPU
		{93A04E24-8A68-4934-A0D8-718DFDA3DD7D}.Debug|Any CPU.ActiveCfg = Debug|Any CPU
		{93A04E24-8A68-4934-A0D8-718DFDA3DD7D}.Debug|Any CPU.Build.0 = Debug|Any CPU
		{93A04E24-8A68-4934-A0D8-718DFDA3DD7D}.Release|Any CPU.ActiveCfg = Release|Any CPU
		{93A04E24-8A68-4934-A0D8-718DFDA3DD7D}.Release|Any CPU.Build.0 = Release|Any CPU
	EndGlobalSection
	GlobalSection(SolutionProperties) = preSolution
		HideSolutionNode = FALSE
	EndGlobalSection
	GlobalSection(ExtensibilityGlobals) = postSolution
		SolutionGuid = {3238E1CA-CC12-4F28-B8D4-0CC14C35FE30}
	EndGlobalSection
EndGlobal
